// !$*UTF8*$!
{
	archiveVersion = 1;
	classes = {
	};
	objectVersion = 46;
	objects = {

/* Begin PBXBuildFile section */
		502869BA1D75962500D5EF94 /* SlideViewController.swift in Sources */ = {isa = PBXBuildFile; fileRef = 502869B91D75962500D5EF94 /* SlideViewController.swift */; };
		5040900D1D744FCE007A5AA8 /* AppDelegate.swift in Sources */ = {isa = PBXBuildFile; fileRef = 5040900C1D744FCE007A5AA8 /* AppDelegate.swift */; };
		5040900F1D744FCE007A5AA8 /* ViewController.swift in Sources */ = {isa = PBXBuildFile; fileRef = 5040900E1D744FCE007A5AA8 /* ViewController.swift */; };
		504090121D744FCE007A5AA8 /* Main.storyboard in Resources */ = {isa = PBXBuildFile; fileRef = 504090101D744FCE007A5AA8 /* Main.storyboard */; };
		504090141D744FCE007A5AA8 /* Assets.xcassets in Resources */ = {isa = PBXBuildFile; fileRef = 504090131D744FCE007A5AA8 /* Assets.xcassets */; };
		504090171D744FCE007A5AA8 /* LaunchScreen.storyboard in Resources */ = {isa = PBXBuildFile; fileRef = 504090151D744FCE007A5AA8 /* LaunchScreen.storyboard */; };
		504090211D745012007A5AA8 /* 1.jpg in Resources */ = {isa = PBXBuildFile; fileRef = 5040901E1D745012007A5AA8 /* 1.jpg */; };
		504090221D745012007A5AA8 /* 3.jpg in Resources */ = {isa = PBXBuildFile; fileRef = 5040901F1D745012007A5AA8 /* 3.jpg */; };
		504090231D745012007A5AA8 /* 2.jpg in Resources */ = {isa = PBXBuildFile; fileRef = 504090201D745012007A5AA8 /* 2.jpg */; };
/* End PBXBuildFile section */

/* Begin PBXFileReference section */
		502869B91D75962500D5EF94 /* SlideViewController.swift */ = {isa = PBXFileReference; fileEncoding = 4; lastKnownFileType = sourcecode.swift; name = SlideViewController.swift; path = ../SlideViewController.swift; sourceTree = "<group>"; };
		504090091D744FCE007A5AA8 /* SlideShowApp2.app */ = {isa = PBXFileReference; explicitFileType = wrapper.application; includeInIndex = 0; path = SlideShowApp2.app; sourceTree = BUILT_PRODUCTS_DIR; };
		5040900C1D744FCE007A5AA8 /* AppDelegate.swift */ = {isa = PBXFileReference; lastKnownFileType = sourcecode.swift; path = AppDelegate.swift; sourceTree = "<group>"; };
		5040900E1D744FCE007A5AA8 /* ViewController.swift */ = {isa = PBXFileReference; lastKnownFileType = sourcecode.swift; path = ViewController.swift; sourceTree = "<group>"; };
		504090111D744FCE007A5AA8 /* Base */ = {isa = PBXFileReference; lastKnownFileType = file.storyboard; name = Base; path = Base.lproj/Main.storyboard; sourceTree = "<group>"; };
		504090131D744FCE007A5AA8 /* Assets.xcassets */ = {isa = PBXFileReference; lastKnownFileType = folder.assetcatalog; path = Assets.xcassets; sourceTree = "<group>"; };
		504090161D744FCE007A5AA8 /* Base */ = {isa = PBXFileReference; lastKnownFileType = file.storyboard; name = Base; path = Base.lproj/LaunchScreen.storyboard; sourceTree = "<group>"; };
		504090181D744FCE007A5AA8 /* Info.plist */ = {isa = PBXFileReference; lastKnownFileType = text.plist.xml; path = Info.plist; sourceTree = "<group>"; };
		5040901E1D745012007A5AA8 /* 1.jpg */ = {isa = PBXFileReference; lastKnownFileType = image.jpeg; path = 1.jpg; sourceTree = "<group>"; };
		5040901F1D745012007A5AA8 /* 3.jpg */ = {isa = PBXFileReference; lastKnownFileType = image.jpeg; path = 3.jpg; sourceTree = "<group>"; };
		504090201D745012007A5AA8 /* 2.jpg */ = {isa = PBXFileReference; lastKnownFileType = image.jpeg; path = 2.jpg; sourceTree = "<group>"; };
/* End PBXFileReference section */

/* Begin PBXFrameworksBuildPhase section */
		504090061D744FCE007A5AA8 /* Frameworks */ = {
			isa = PBXFrameworksBuildPhase;
			buildActionMask = 2147483647;
			files = (
			);
			runOnlyForDeploymentPostprocessing = 0;
		};
/* End PBXFrameworksBuildPhase section */

/* Begin PBXGroup section */
		504090001D744FCE007A5AA8 = {
			isa = PBXGroup;
			children = (
				5040900B1D744FCE007A5AA8 /* SlideShowApp2 */,
				5040900A1D744FCE007A5AA8 /* Products */,
			);
			sourceTree = "<group>";
		};
		5040900A1D744FCE007A5AA8 /* Products */ = {
			isa = PBXGroup;
			children = (
				504090091D744FCE007A5AA8 /* SlideShowApp2.app */,
			);
			name = Products;
			sourceTree = "<group>";
		};
		5040900B1D744FCE007A5AA8 /* SlideShowApp2 */ = {
			isa = PBXGroup;
			children = (
				5040900C1D744FCE007A5AA8 /* AppDelegate.swift */,
				504090101D744FCE007A5AA8 /* Main.storyboard */,
				5040900E1D744FCE007A5AA8 /* ViewController.swift */,
				502869B91D75962500D5EF94 /* SlideViewController.swift */,
				504090241D745056007A5AA8 /* images */,
				504090131D744FCE007A5AA8 /* Assets.xcassets */,
				504090151D744FCE007A5AA8 /* LaunchScreen.storyboard */,
				504090181D744FCE007A5AA8 /* Info.plist */,
			);
			path = SlideShowApp2;
			sourceTree = "<group>";
		};
		504090241D745056007A5AA8 /* images */ = {
			isa = PBXGroup;
			children = (
				5040901E1D745012007A5AA8 /* 1.jpg */,
				504090201D745012007A5AA8 /* 2.jpg */,
				5040901F1D745012007A5AA8 /* 3.jpg */,
			);
			name = images;
			sourceTree = "<group>";
		};
/* End PBXGroup section */

/* Begin PBXNativeTarget section */
		504090081D744FCE007A5AA8 /* SlideShowApp2 */ = {
			isa = PBXNativeTarget;
			buildConfigurationList = 5040901B1D744FCE007A5AA8 /* Build configuration list for PBXNativeTarget "SlideShowApp2" */;
			buildPhases = (
				504090051D744FCE007A5AA8 /* Sources */,
				504090061D744FCE007A5AA8 /* Frameworks */,
				504090071D744FCE007A5AA8 /* Resources */,
			);
			buildRules = (
			);
			dependencies = (
			);
			name = SlideShowApp2;
			productName = SlideShowApp2;
			productReference = 504090091D744FCE007A5AA8 /* SlideShowApp2.app */;
			productType = "com.apple.product-type.application";
		};
/* End PBXNativeTarget section */

/* Begin PBXProject section */
		504090011D744FCE007A5AA8 /* Project object */ = {
			isa = PBXProject;
			attributes = {
				LastSwiftUpdateCheck = 0730;
				LastUpgradeCheck = 0730;
				ORGANIZATIONNAME = "Tarou Sakamoto";
				TargetAttributes = {
					504090081D744FCE007A5AA8 = {
						CreatedOnToolsVersion = 7.3.1;
					};
				};
			};
			buildConfigurationList = 504090041D744FCE007A5AA8 /* Build configuration list for PBXProject "SlideShowApp2" */;
			compatibilityVersion = "Xcode 3.2";
			developmentRegion = English;
			hasScannedForEncodings = 0;
			knownRegions = (
				en,
				Base,
			);
			mainGroup = 504090001D744FCE007A5AA8;
			productRefGroup = 5040900A1D744FCE007A5AA8 /* Products */;
			projectDirPath = "";
			projectRoot = "";
			targets = (
				504090081D744FCE007A5AA8 /* SlideShowApp2 */,
			);
		};
/* End PBXProject section */

/* Begin PBXResourcesBuildPhase section */
		504090071D744FCE007A5AA8 /* Resources */ = {
			isa = PBXResourcesBuildPhase;
			buildActionMask = 2147483647;
			files = (
				504090221D745012007A5AA8 /* 3.jpg in Resources */,
				504090171D744FCE007A5AA8 /* LaunchScreen.storyboard in Resources */,
				504090231D745012007A5AA8 /* 2.jpg in Resources */,
				504090141D744FCE007A5AA8 /* Assets.xcassets in Resources */,
				504090211D745012007A5AA8 /* 1.jpg in Resources */,
				504090121D744FCE007A5AA8 /* Main.storyboard in Resources */,
			);
			runOnlyForDeploymentPostprocessing = 0;
		};
/* End PBXResourcesBuildPhase section */

/* Begin PBXSourcesBuildPhase section */
		504090051D744FCE007A5AA8 /* Sources */ = {
			isa = PBXSourcesBuildPhase;
			buildActionMask = 2147483647;
			files = (
				5040900F1D744FCE007A5AA8 /* ViewController.swift in Sources */,
				5040900D1D744FCE007A5AA8 /* AppDelegate.swift in Sources */,
				502869BA1D75962500D5EF94 /* SlideViewController.swift in Sources */,
			);
			runOnlyForDeploymentPostprocessing = 0;
		};
/* End PBXSourcesBuildPhase section */

/* Begin PBXVariantGroup section */
		504090101D744FCE007A5AA8 /* Main.storyboard */ = {
			isa = PBXVariantGroup;
			children = (
				504090111D744FCE007A5AA8 /* Base */,
			);
			name = Main.storyboard;
			sourceTree = "<group>";
		};
		504090151D744FCE007A5AA8 /* LaunchScreen.storyboard */ = {
			isa = PBXVariantGroup;
			children = (
				504090161D744FCE007A5AA8 /* Base */,
			);
			name = LaunchScreen.storyboard;
			sourceTree = "<group>";
		};
/* End PBXVariantGroup section */

/* Begin XCBuildConfiguration section */
		504090191D744FCE007A5AA8 /* Debug */ = {
			isa = XCBuildConfiguration;
			buildSettings = {
				ALWAYS_SEARCH_USER_PATHS = NO;
				CLANG_ANALYZER_NONNULL = YES;
				CLANG_CXX_LANGUAGE_STANDARD = "gnu++0x";
				CLANG_CXX_LIBRARY = "libc++";
				CLANG_ENABLE_MODULES = YES;
				CLANG_ENABLE_OBJC_ARC = YES;
				CLANG_WARN_BOOL_CONVERSION = YES;
				CLANG_WARN_CONSTANT_CONVERSION = YES;
				CLANG_WARN_DIRECT_OBJC_ISA_USAGE = YES_ERROR;
				CLANG_WARN_EMPTY_BODY = YES;
				CLANG_WARN_ENUM_CONVERSION = YES;
				CLANG_WARN_INT_CONVERSION = YES;
				CLANG_WARN_OBJC_ROOT_CLASS = YES_ERROR;
				CLANG_WARN_UNREACHABLE_CODE = YES;
				CLANG_WARN__DUPLICATE_METHOD_MATCH = YES;
				"CODE_SIGN_IDENTITY[sdk=iphoneos*]" = "iPhone Developer";
				COPY_PHASE_STRIP = NO;
				DEBUG_INFORMATION_FORMAT = dwarf;
				ENABLE_STRICT_OBJC_MSGSEND = YES;
				ENABLE_TESTABILITY = YES;
				GCC_C_LANGUAGE_STANDARD = gnu99;
				GCC_DYNAMIC_NO_PIC = NO;
				GCC_NO_COMMON_BLOCKS = YES;
				GCC_OPTIMIZATION_LEVEL = 0;
				GCC_PREPROCESSOR_DEFINITIONS = (
					"DEBUG=1",
					"$(inherited)",
				);
				GCC_WARN_64_TO_32_BIT_CONVERSION = YES;
				GCC_WARN_ABOUT_RETURN_TYPE = YES_ERROR;
				GCC_WARN_UNDECLARED_SELECTOR = YES;
				GCC_WARN_UNINITIALIZED_AUTOS = YES_AGGRESSIVE;
				GCC_WARN_UNUSED_FUNCTION = YES;
				GCC_WARN_UNUSED_VARIABLE = YES;
				IPHONEOS_DEPLOYMENT_TARGET = 9.3;
				MTL_ENABLE_DEBUG_INFO = YES;
				ONLY_ACTIVE_ARCH = YES;
				SDKROOT = iphoneos;
				SWIFT_OPTIMIZATION_LEVEL = "-Onone";
			};
			name = Debug;
		};
		5040901A1D744FCE007A5AA8 /* Release */ = {
			isa = XCBuildConfiguration;
			buildSettings = {
				ALWAYS_SEARCH_USER_PATHS = NO;
				CLANG_ANALYZER_NONNULL = YES;
				CLANG_CXX_LANGUAGE_STANDARD = "gnu++0x";
				CLANG_CXX_LIBRARY = "libc++";
				CLANG_ENABLE_MODULES = YES;
				CLANG_ENABLE_OBJC_ARC = YES;
				CLANG_WARN_BOOL_CONVERSION = YES;
				CLANG_WARN_CONSTANT_CONVERSION = YES;
				CLANG_WARN_DIRECT_OBJC_ISA_USAGE = YES_ERROR;
				CLANG_WARN_EMPTY_BODY = YES;
				CLANG_WARN_ENUM_CONVERSION = YES;
				CLANG_WARN_INT_CONVERSION = YES;
				CLANG_WARN_OBJC_ROOT_CLASS = YES_ERROR;
				CLANG_WARN_UNREACHABLE_CODE = YES;
				CLANG_WARN__DUPLICATE_METHOD_MATCH = YES;
				"CODE_SIGN_IDENTITY[sdk=iphoneos*]" = "iPhone Developer";
				COPY_PHASE_STRIP = NO;
				DEBUG_INFORMATION_FORMAT = "dwarf-with-dsym";
				ENABLE_NS_ASSERTIONS = NO;
				ENABLE_STRICT_OBJC_MSGSEND = YES;
				GCC_C_LANGUAGE_STANDARD = gnu99;
				GCC_NO_COMMON_BLOCKS = YES;
				GCC_WARN_64_TO_32_BIT_CONVERSION = YES;
				GCC_WARN_ABOUT_RETURN_TYPE = YES_ERROR;
				GCC_WARN_UNDECLARED_SELECTOR = YES;
				GCC_WARN_UNINITIALIZED_AUTOS = YES_AGGRESSIVE;
				GCC_WARN_UNUSED_FUNCTION = YES;
				GCC_WARN_UNUSED_VARIABLE = YES;
				IPHONEOS_DEPLOYMENT_TARGET = 9.3;
				MTL_ENABLE_DEBUG_INFO = NO;
				SDKROOT = iphoneos;
				VALIDATE_PRODUCT = YES;
			};
			name = Release;
		};
		5040901C1D744FCE007A5AA8 /* Debug */ = {
			isa = XCBuildConfiguration;
			buildSettings = {
				ASSETCATALOG_COMPILER_APPICON_NAME = AppIcon;
				INFOPLIST_FILE = SlideShowApp2/Info.plist;
				LD_RUNPATH_SEARCH_PATHS = "$(inherited) @executable_path/Frameworks";
				PRODUCT_BUNDLE_IDENTIFIER = jp.techacademy.tarou.sakamoto.SlideShowApp2;
				PRODUCT_NAME = "$(TARGET_NAME)";
			};
			name = Debug;
		};
		5040901D1D744FCE007A5AA8 /* Release */ = {
			isa = XCBuildConfiguration;
			buildSettings = {
				ASSETCATALOG_COMPILER_APPICON_NAME = AppIcon;
				INFOPLIST_FILE = SlideShowApp2/Info.plist;
				LD_RUNPATH_SEARCH_PATHS = "$(inherited) @executable_path/Frameworks";
				PRODUCT_BUNDLE_IDENTIFIER = jp.techacademy.tarou.sakamoto.SlideShowApp2;
				PRODUCT_NAME = "$(TARGET_NAME)";
			};
			name = Release;
		};
/* End XCBuildConfiguration section */

/* Begin XCConfigurationList section */
		504090041D744FCE007A5AA8 /* Build configuration list for PBXProject "SlideShowApp2" */ = {
			isa = XCConfigurationList;
			buildConfigurations = (
				504090191D744FCE007A5AA8 /* Debug */,
				5040901A1D744FCE007A5AA8 /* Release */,
			);
			defaultConfigurationIsVisible = 0;
			defaultConfigurationName = Release;
		};
		5040901B1D744FCE007A5AA8 /* Build configuration list for PBXNativeTarget "SlideShowApp2" */ = {
			isa = XCConfigurationList;
			buildConfigurations = (
				5040901C1D744FCE007A5AA8 /* Debug */,
				5040901D1D744FCE007A5AA8 /* Release */,
			);
			defaultConfigurationIsVisible = 0;
			defaultConfigurationName = Release;
		};
/* End XCConfigurationList section */
	};
	rootObject = 504090011D744FCE007A5AA8 /* Project object */;
}
